
Microsoft Visual Studio Solution File, Format Version 12.00
# Visual Studio 15
VisualStudioVersion = 15.0.28307.489
MinimumVisualStudioVersion = 10.0.40219.1
Project("{FAE04EC0-301F-11D3-BF4B-00C04F79EFBC}") = "Day1", "Day1\Day1.csproj", "{D3AF0666-F3D3-4AF2-AA50-9C891DD63460}"
EndProject
Project("{FAE04EC0-301F-11D3-BF4B-00C04F79EFBC}") = "Day1.Tests", "Day1.Tests\Day1.Tests.csproj", "{BFF874CE-2744-4D57-B16E-AC2A2A788CFB}"
EndProject
Global
	GlobalSection(SolutionConfigurationPlatforms) = preSolution
		Debug|Any CPU = Debug|Any CPU
		Release|Any CPU = Release|Any CPU
	EndGlobalSection
	GlobalSection(ProjectConfigurationPlatforms) = postSolution
		{D3AF0666-F3D3-4AF2-AA50-9C891DD63460}.Debug|Any CPU.ActiveCfg = Debug|Any CPU
		{D3AF0666-F3D3-4AF2-AA50-9C891DD63460}.Debug|Any CPU.Build.0 = Debug|Any CPU
		{D3AF0666-F3D3-4AF2-AA50-9C891DD63460}.Release|Any CPU.ActiveCfg = Release|Any CPU
		{D3AF0666-F3D3-4AF2-AA50-9C891DD63460}.Release|Any CPU.Build.0 = Release|Any CPU
		{BFF874CE-2744-4D57-B16E-AC2A2A788CFB}.Debug|Any CPU.ActiveCfg = Debug|Any CPU
		{BFF874CE-2744-4D57-B16E-AC2A2A788CFB}.Debug|Any CPU.Build.0 = Debug|Any CPU
		{BFF874CE-2744-4D57-B16E-AC2A2A788CFB}.Release|Any CPU.ActiveCfg = Release|Any CPU
		{BFF874CE-2744-4D57-B16E-AC2A2A788CFB}.Release|Any CPU.Build.0 = Release|Any CPU
	EndGlobalSection
	GlobalSection(SolutionProperties) = preSolution
		HideSolutionNode = FALSE
	EndGlobalSection
	GlobalSection(ExtensibilityGlobals) = postSolution
		SolutionGuid = {C79CEDE1-6BF5-49A6-9957-C4C2DB19B340}
	EndGlobalSection
EndGlobal
