
Microsoft Visual Studio Solution File, Format Version 12.00
# Visual Studio 15
VisualStudioVersion = 15.0.28307.489
MinimumVisualStudioVersion = 10.0.40219.1
Project("{FAE04EC0-301F-11D3-BF4B-00C04F79EFBC}") = "Day2", "Day2\Day2.csproj", "{9E2D4EB3-4DD8-4B56-BFFB-1D6F01CEF20A}"
EndProject
Project("{FAE04EC0-301F-11D3-BF4B-00C04F79EFBC}") = "Day2.Tests", "Day2.Tests\Day2.Tests.csproj", "{87C9382A-9A3E-4C93-950D-4B37C0C04454}"
EndProject
Global
	GlobalSection(SolutionConfigurationPlatforms) = preSolution
		Debug|Any CPU = Debug|Any CPU
		Release|Any CPU = Release|Any CPU
	EndGlobalSection
	GlobalSection(ProjectConfigurationPlatforms) = postSolution
		{9E2D4EB3-4DD8-4B56-BFFB-1D6F01CEF20A}.Debug|Any CPU.ActiveCfg = Debug|Any CPU
		{9E2D4EB3-4DD8-4B56-BFFB-1D6F01CEF20A}.Debug|Any CPU.Build.0 = Debug|Any CPU
		{9E2D4EB3-4DD8-4B56-BFFB-1D6F01CEF20A}.Release|Any CPU.ActiveCfg = Release|Any CPU
		{9E2D4EB3-4DD8-4B56-BFFB-1D6F01CEF20A}.Release|Any CPU.Build.0 = Release|Any CPU
		{87C9382A-9A3E-4C93-950D-4B37C0C04454}.Debug|Any CPU.ActiveCfg = Debug|Any CPU
		{87C9382A-9A3E-4C93-950D-4B37C0C04454}.Debug|Any CPU.Build.0 = Debug|Any CPU
		{87C9382A-9A3E-4C93-950D-4B37C0C04454}.Release|Any CPU.ActiveCfg = Release|Any CPU
		{87C9382A-9A3E-4C93-950D-4B37C0C04454}.Release|Any CPU.Build.0 = Release|Any CPU
	EndGlobalSection
	GlobalSection(SolutionProperties) = preSolution
		HideSolutionNode = FALSE
	EndGlobalSection
	GlobalSection(ExtensibilityGlobals) = postSolution
		SolutionGuid = {585DABDC-DB3F-4CA8-B87E-665C749147BF}
	EndGlobalSection
EndGlobal
